
Microsoft Visual Studio Solution File, Format Version 12.00
# Visual Studio 15
Project("{FAE04EC0-301F-11D3-BF4B-00C04F79EFBC}") = "Countr.Core", "Countr\Countr.Core\Countr.Core.csproj", "{D287D363-6865-47F1-A15C-A212456F82CE}"
EndProject
Project("{FAE04EC0-301F-11D3-BF4B-00C04F79EFBC}") = "Countr.Droid", "Countr\Countr.Droid\Countr.Droid.csproj", "{9EA5AA3C-B6D0-45E0-904D-40DA63C1D05D}"
EndProject
Project("{FAE04EC0-301F-11D3-BF4B-00C04F79EFBC}") = "Countr.iOS", "Countr\Countr.iOS\Countr.iOS.csproj", "{8DE41D2E-9757-4529-9B17-EE02B2DBA614}"
EndProject
Project("{FAE04EC0-301F-11D3-BF4B-00C04F79EFBC}") = "Countr.Core.Tests", "Countr.Core.Tests\Countr.Core.Tests.csproj", "{AFB8F65E-4189-4650-A90B-734257210002}"
EndProject
Global
	GlobalSection(SolutionConfigurationPlatforms) = preSolution
		Debug|Any CPU = Debug|Any CPU
		Release|Any CPU = Release|Any CPU
		Debug|iPhoneSimulator = Debug|iPhoneSimulator
		Release|iPhoneSimulator = Release|iPhoneSimulator
		Debug|iPhone = Debug|iPhone
		Release|iPhone = Release|iPhone
		Ad-Hoc|iPhone = Ad-Hoc|iPhone
		AppStore|iPhone = AppStore|iPhone
	EndGlobalSection
	GlobalSection(ProjectConfigurationPlatforms) = postSolution
		{D287D363-6865-47F1-A15C-A212456F82CE}.Debug|Any CPU.ActiveCfg = Debug|Any CPU
		{D287D363-6865-47F1-A15C-A212456F82CE}.Debug|Any CPU.Build.0 = Debug|Any CPU
		{D287D363-6865-47F1-A15C-A212456F82CE}.Release|Any CPU.ActiveCfg = Release|Any CPU
		{D287D363-6865-47F1-A15C-A212456F82CE}.Release|Any CPU.Build.0 = Release|Any CPU
		{D287D363-6865-47F1-A15C-A212456F82CE}.Debug|iPhoneSimulator.ActiveCfg = Debug|Any CPU
		{D287D363-6865-47F1-A15C-A212456F82CE}.Debug|iPhoneSimulator.Build.0 = Debug|Any CPU
		{D287D363-6865-47F1-A15C-A212456F82CE}.Release|iPhoneSimulator.ActiveCfg = Release|Any CPU
		{D287D363-6865-47F1-A15C-A212456F82CE}.Release|iPhoneSimulator.Build.0 = Release|Any CPU
		{D287D363-6865-47F1-A15C-A212456F82CE}.Debug|iPhone.ActiveCfg = Debug|Any CPU
		{D287D363-6865-47F1-A15C-A212456F82CE}.Debug|iPhone.Build.0 = Debug|Any CPU
		{D287D363-6865-47F1-A15C-A212456F82CE}.Release|iPhone.ActiveCfg = Release|Any CPU
		{D287D363-6865-47F1-A15C-A212456F82CE}.Release|iPhone.Build.0 = Release|Any CPU
		{D287D363-6865-47F1-A15C-A212456F82CE}.Ad-Hoc|iPhone.ActiveCfg = Debug|Any CPU
		{D287D363-6865-47F1-A15C-A212456F82CE}.Ad-Hoc|iPhone.Build.0 = Debug|Any CPU
		{D287D363-6865-47F1-A15C-A212456F82CE}.AppStore|iPhone.ActiveCfg = Debug|Any CPU
		{D287D363-6865-47F1-A15C-A212456F82CE}.AppStore|iPhone.Build.0 = Debug|Any CPU
		{9EA5AA3C-B6D0-45E0-904D-40DA63C1D05D}.Debug|Any CPU.ActiveCfg = Debug|Any CPU
		{9EA5AA3C-B6D0-45E0-904D-40DA63C1D05D}.Debug|Any CPU.Build.0 = Debug|Any CPU
		{9EA5AA3C-B6D0-45E0-904D-40DA63C1D05D}.Release|Any CPU.ActiveCfg = Release|Any CPU
		{9EA5AA3C-B6D0-45E0-904D-40DA63C1D05D}.Release|Any CPU.Build.0 = Release|Any CPU
		{9EA5AA3C-B6D0-45E0-904D-40DA63C1D05D}.Debug|iPhoneSimulator.ActiveCfg = Debug|Any CPU
		{9EA5AA3C-B6D0-45E0-904D-40DA63C1D05D}.Debug|iPhoneSimulator.Build.0 = Debug|Any CPU
		{9EA5AA3C-B6D0-45E0-904D-40DA63C1D05D}.Release|iPhoneSimulator.ActiveCfg = Release|Any CPU
		{9EA5AA3C-B6D0-45E0-904D-40DA63C1D05D}.Release|iPhoneSimulator.Build.0 = Release|Any CPU
		{9EA5AA3C-B6D0-45E0-904D-40DA63C1D05D}.Debug|iPhone.ActiveCfg = Debug|Any CPU
		{9EA5AA3C-B6D0-45E0-904D-40DA63C1D05D}.Debug|iPhone.Build.0 = Debug|Any CPU
		{9EA5AA3C-B6D0-45E0-904D-40DA63C1D05D}.Release|iPhone.ActiveCfg = Release|Any CPU
		{9EA5AA3C-B6D0-45E0-904D-40DA63C1D05D}.Release|iPhone.Build.0 = Release|Any CPU
		{9EA5AA3C-B6D0-45E0-904D-40DA63C1D05D}.Ad-Hoc|iPhone.ActiveCfg = Debug|Any CPU
		{9EA5AA3C-B6D0-45E0-904D-40DA63C1D05D}.Ad-Hoc|iPhone.Build.0 = Debug|Any CPU
		{9EA5AA3C-B6D0-45E0-904D-40DA63C1D05D}.AppStore|iPhone.ActiveCfg = Debug|Any CPU
		{9EA5AA3C-B6D0-45E0-904D-40DA63C1D05D}.AppStore|iPhone.Build.0 = Debug|Any CPU
		{8DE41D2E-9757-4529-9B17-EE02B2DBA614}.Debug|Any CPU.ActiveCfg = Debug|iPhoneSimulator
		{8DE41D2E-9757-4529-9B17-EE02B2DBA614}.Debug|Any CPU.Build.0 = Debug|iPhoneSimulator
		{8DE41D2E-9757-4529-9B17-EE02B2DBA614}.Release|Any CPU.ActiveCfg = Release|iPhoneSimulator
		{8DE41D2E-9757-4529-9B17-EE02B2DBA614}.Release|Any CPU.Build.0 = Release|iPhoneSimulator
		{8DE41D2E-9757-4529-9B17-EE02B2DBA614}.Debug|iPhoneSimulator.ActiveCfg = Debug|iPhoneSimulator
		{8DE41D2E-9757-4529-9B17-EE02B2DBA614}.Debug|iPhoneSimulator.Build.0 = Debug|iPhoneSimulator
		{8DE41D2E-9757-4529-9B17-EE02B2DBA614}.Release|iPhoneSimulator.ActiveCfg = Release|iPhoneSimulator
		{8DE41D2E-9757-4529-9B17-EE02B2DBA614}.Release|iPhoneSimulator.Build.0 = Release|iPhoneSimulator
		{8DE41D2E-9757-4529-9B17-EE02B2DBA614}.Debug|iPhone.ActiveCfg = Debug|iPhone
		{8DE41D2E-9757-4529-9B17-EE02B2DBA614}.Debug|iPhone.Build.0 = Debug|iPhone
		{8DE41D2E-9757-4529-9B17-EE02B2DBA614}.Release|iPhone.ActiveCfg = Release|iPhone
		{8DE41D2E-9757-4529-9B17-EE02B2DBA614}.Release|iPhone.Build.0 = Release|iPhone
		{8DE41D2E-9757-4529-9B17-EE02B2DBA614}.Ad-Hoc|iPhone.ActiveCfg = Ad-Hoc|iPhone
		{8DE41D2E-9757-4529-9B17-EE02B2DBA614}.Ad-Hoc|iPhone.Build.0 = Ad-Hoc|iPhone
		{8DE41D2E-9757-4529-9B17-EE02B2DBA614}.AppStore|iPhone.ActiveCfg = AppStore|iPhone
		{8DE41D2E-9757-4529-9B17-EE02B2DBA614}.AppStore|iPhone.Build.0 = AppStore|iPhone
		{AFB8F65E-4189-4650-A90B-734257210002}.Debug|Any CPU.ActiveCfg = Debug|Any CPU
		{AFB8F65E-4189-4650-A90B-734257210002}.Debug|Any CPU.Build.0 = Debug|Any CPU
		{AFB8F65E-4189-4650-A90B-734257210002}.Release|Any CPU.ActiveCfg = Release|Any CPU
		{AFB8F65E-4189-4650-A90B-734257210002}.Release|Any CPU.Build.0 = Release|Any CPU
		{AFB8F65E-4189-4650-A90B-734257210002}.Debug|iPhoneSimulator.ActiveCfg = Debug|Any CPU
		{AFB8F65E-4189-4650-A90B-734257210002}.Debug|iPhoneSimulator.Build.0 = Debug|Any CPU
		{AFB8F65E-4189-4650-A90B-734257210002}.Release|iPhoneSimulator.ActiveCfg = Release|Any CPU
		{AFB8F65E-4189-4650-A90B-734257210002}.Release|iPhoneSimulator.Build.0 = Release|Any CPU
		{AFB8F65E-4189-4650-A90B-734257210002}.Debug|iPhone.ActiveCfg = Debug|Any CPU
		{AFB8F65E-4189-4650-A90B-734257210002}.Debug|iPhone.Build.0 = Debug|Any CPU
		{AFB8F65E-4189-4650-A90B-734257210002}.Release|iPhone.ActiveCfg = Release|Any CPU
		{AFB8F65E-4189-4650-A90B-734257210002}.Release|iPhone.Build.0 = Release|Any CPU
		{AFB8F65E-4189-4650-A90B-734257210002}.Ad-Hoc|iPhone.ActiveCfg = Debug|Any CPU
		{AFB8F65E-4189-4650-A90B-734257210002}.Ad-Hoc|iPhone.Build.0 = Debug|Any CPU
		{AFB8F65E-4189-4650-A90B-734257210002}.AppStore|iPhone.ActiveCfg = Debug|Any CPU
		{AFB8F65E-4189-4650-A90B-734257210002}.AppStore|iPhone.Build.0 = Debug|Any CPU
	EndGlobalSection
EndGlobal
